// !$*UTF8*$!
{
	archiveVersion = 1;
	classes = {
	};
	objectVersion = 50;
	objects = {

/* Begin PBXBuildFile section */
		B5AC22E32525A28800E7D800 /* AppDelegate.swift in Sources */ = {isa = PBXBuildFile; fileRef = B5AC22E22525A28800E7D800 /* AppDelegate.swift */; };
		B5AC22E52525A28800E7D800 /* SceneDelegate.swift in Sources */ = {isa = PBXBuildFile; fileRef = B5AC22E42525A28800E7D800 /* SceneDelegate.swift */; };
		B5AC22E72525A28800E7D800 /* ViewController.swift in Sources */ = {isa = PBXBuildFile; fileRef = B5AC22E62525A28800E7D800 /* ViewController.swift */; };
		B5AC22EA2525A28800E7D800 /* Main.storyboard in Resources */ = {isa = PBXBuildFile; fileRef = B5AC22E82525A28800E7D800 /* Main.storyboard */; };
		B5AC22EC2525A28900E7D800 /* Assets.xcassets in Resources */ = {isa = PBXBuildFile; fileRef = B5AC22EB2525A28900E7D800 /* Assets.xcassets */; };
		B5AC22EF2525A28900E7D800 /* LaunchScreen.storyboard in Resources */ = {isa = PBXBuildFile; fileRef = B5AC22ED2525A28900E7D800 /* LaunchScreen.storyboard */; };
		B5AC22FA2525A28900E7D800 /* SlideshowAppTests.swift in Sources */ = {isa = PBXBuildFile; fileRef = B5AC22F92525A28900E7D800 /* SlideshowAppTests.swift */; };
		B5AC23052525A28900E7D800 /* SlideshowAppUITests.swift in Sources */ = {isa = PBXBuildFile; fileRef = B5AC23042525A28900E7D800 /* SlideshowAppUITests.swift */; };
/* End PBXBuildFile section */

/* Begin PBXContainerItemProxy section */
		B5AC22F62525A28900E7D800 /* PBXContainerItemProxy */ = {
			isa = PBXContainerItemProxy;
			containerPortal = B5AC22D72525A28800E7D800 /* Project object */;
			proxyType = 1;
			remoteGlobalIDString = B5AC22DE2525A28800E7D800;
			remoteInfo = SlideshowApp;
		};
		B5AC23012525A28900E7D800 /* PBXContainerItemProxy */ = {
			isa = PBXContainerItemProxy;
			containerPortal = B5AC22D72525A28800E7D800 /* Project object */;
			proxyType = 1;
			remoteGlobalIDString = B5AC22DE2525A28800E7D800;
			remoteInfo = SlideshowApp;
		};
/* End PBXContainerItemProxy section */

/* Begin PBXFileReference section */
		B5AC22DF2525A28800E7D800 /* SlideshowApp.app */ = {isa = PBXFileReference; explicitFileType = wrapper.application; includeInIndex = 0; path = SlideshowApp.app; sourceTree = BUILT_PRODUCTS_DIR; };
		B5AC22E22525A28800E7D800 /* AppDelegate.swift */ = {isa = PBXFileReference; lastKnownFileType = sourcecode.swift; path = AppDelegate.swift; sourceTree = "<group>"; };
		B5AC22E42525A28800E7D800 /* SceneDelegate.swift */ = {isa = PBXFileReference; lastKnownFileType = sourcecode.swift; path = SceneDelegate.swift; sourceTree = "<group>"; };
		B5AC22E62525A28800E7D800 /* ViewController.swift */ = {isa = PBXFileReference; lastKnownFileType = sourcecode.swift; path = ViewController.swift; sourceTree = "<group>"; };
		B5AC22E92525A28800E7D800 /* Base */ = {isa = PBXFileReference; lastKnownFileType = file.storyboard; name = Base; path = Base.lproj/Main.storyboard; sourceTree = "<group>"; };
		B5AC22EB2525A28900E7D800 /* Assets.xcassets */ = {isa = PBXFileReference; lastKnownFileType = folder.assetcatalog; path = Assets.xcassets; sourceTree = "<group>"; };
		B5AC22EE2525A28900E7D800 /* Base */ = {isa = PBXFileReference; lastKnownFileType = file.storyboard; name = Base; path = Base.lproj/LaunchScreen.storyboard; sourceTree = "<group>"; };
		B5AC22F02525A28900E7D800 /* Info.plist */ = {isa = PBXFileReference; lastKnownFileType = text.plist.xml; path = Info.plist; sourceTree = "<group>"; };
		B5AC22F52525A28900E7D800 /* SlideshowAppTests.xctest */ = {isa = PBXFileReference; explicitFileType = wrapper.cfbundle; includeInIndex = 0; path = SlideshowAppTests.xctest; sourceTree = BUILT_PRODUCTS_DIR; };
		B5AC22F92525A28900E7D800 /* SlideshowAppTests.swift */ = {isa = PBXFileReference; lastKnownFileType = sourcecode.swift; path = SlideshowAppTests.swift; sourceTree = "<group>"; };
		B5AC22FB2525A28900E7D800 /* Info.plist */ = {isa = PBXFileReference; lastKnownFileType = text.plist.xml; path = Info.plist; sourceTree = "<group>"; };
		B5AC23002525A28900E7D800 /* SlideshowAppUITests.xctest */ = {isa = PBXFileReference; explicitFileType = wrapper.cfbundle; includeInIndex = 0; path = SlideshowAppUITests.xctest; sourceTree = BUILT_PRODUCTS_DIR; };
		B5AC23042525A28900E7D800 /* SlideshowAppUITests.swift */ = {isa = PBXFileReference; lastKnownFileType = sourcecode.swift; path = SlideshowAppUITests.swift; sourceTree = "<group>"; };
		B5AC23062525A28900E7D800 /* Info.plist */ = {isa = PBXFileReference; lastKnownFileType = text.plist.xml; path = Info.plist; sourceTree = "<group>"; };
/* End PBXFileReference section */

/* Begin PBXFrameworksBuildPhase section */
		B5AC22DC2525A28800E7D800 /* Frameworks */ = {
			isa = PBXFrameworksBuildPhase;
			buildActionMask = 2147483647;
			files = (
			);
			runOnlyForDeploymentPostprocessing = 0;
		};
		B5AC22F22525A28900E7D800 /* Frameworks */ = {
			isa = PBXFrameworksBuildPhase;
			buildActionMask = 2147483647;
			files = (
			);
			runOnlyForDeploymentPostprocessing = 0;
		};
		B5AC22FD2525A28900E7D800 /* Frameworks */ = {
			isa = PBXFrameworksBuildPhase;
			buildActionMask = 2147483647;
			files = (
			);
			runOnlyForDeploymentPostprocessing = 0;
		};
/* End PBXFrameworksBuildPhase section */

/* Begin PBXGroup section */
		B5AC22D62525A28800E7D800 = {
			isa = PBXGroup;
			children = (
				B5AC22E12525A28800E7D800 /* SlideshowApp */,
				B5AC22F82525A28900E7D800 /* SlideshowAppTests */,
				B5AC23032525A28900E7D800 /* SlideshowAppUITests */,
				B5AC22E02525A28800E7D800 /* Products */,
			);
			sourceTree = "<group>";
		};
		B5AC22E02525A28800E7D800 /* Products */ = {
			isa = PBXGroup;
			children = (
				B5AC22DF2525A28800E7D800 /* SlideshowApp.app */,
				B5AC22F52525A28900E7D800 /* SlideshowAppTests.xctest */,
				B5AC23002525A28900E7D800 /* SlideshowAppUITests.xctest */,
			);
			name = Products;
			sourceTree = "<group>";
		};
		B5AC22E12525A28800E7D800 /* SlideshowApp */ = {
			isa = PBXGroup;
			children = (
				B5AC22E22525A28800E7D800 /* AppDelegate.swift */,
				B5AC22E42525A28800E7D800 /* SceneDelegate.swift */,
				B5AC22E62525A28800E7D800 /* ViewController.swift */,
				B5AC22E82525A28800E7D800 /* Main.storyboard */,
				B5AC22EB2525A28900E7D800 /* Assets.xcassets */,
				B5AC22ED2525A28900E7D800 /* LaunchScreen.storyboard */,
				B5AC22F02525A28900E7D800 /* Info.plist */,
			);
			path = SlideshowApp;
			sourceTree = "<group>";
		};
		B5AC22F82525A28900E7D800 /* SlideshowAppTests */ = {
			isa = PBXGroup;
			children = (
				B5AC22F92525A28900E7D800 /* SlideshowAppTests.swift */,
				B5AC22FB2525A28900E7D800 /* Info.plist */,
			);
			path = SlideshowAppTests;
			sourceTree = "<group>";
		};
		B5AC23032525A28900E7D800 /* SlideshowAppUITests */ = {
			isa = PBXGroup;
			children = (
				B5AC23042525A28900E7D800 /* SlideshowAppUITests.swift */,
				B5AC23062525A28900E7D800 /* Info.plist */,
			);
			path = SlideshowAppUITests;
			sourceTree = "<group>";
		};
/* End PBXGroup section */

/* Begin PBXNativeTarget section */
		B5AC22DE2525A28800E7D800 /* SlideshowApp */ = {
			isa = PBXNativeTarget;
			buildConfigurationList = B5AC23092525A28900E7D800 /* Build configuration list for PBXNativeTarget "SlideshowApp" */;
			buildPhases = (
				B5AC22DB2525A28800E7D800 /* Sources */,
				B5AC22DC2525A28800E7D800 /* Frameworks */,
				B5AC22DD2525A28800E7D800 /* Resources */,
			);
			buildRules = (
			);
			dependencies = (
			);
			name = SlideshowApp;
			productName = SlideshowApp;
			productReference = B5AC22DF2525A28800E7D800 /* SlideshowApp.app */;
			productType = "com.apple.product-type.application";
		};
		B5AC22F42525A28900E7D800 /* SlideshowAppTests */ = {
			isa = PBXNativeTarget;
			buildConfigurationList = B5AC230C2525A28900E7D800 /* Build configuration list for PBXNativeTarget "SlideshowAppTests" */;
			buildPhases = (
				B5AC22F12525A28900E7D800 /* Sources */,
				B5AC22F22525A28900E7D800 /* Frameworks */,
				B5AC22F32525A28900E7D800 /* Resources */,
			);
			buildRules = (
			);
			dependencies = (
				B5AC22F72525A28900E7D800 /* PBXTargetDependency */,
			);
			name = SlideshowAppTests;
			productName = SlideshowAppTests;
			productReference = B5AC22F52525A28900E7D800 /* SlideshowAppTests.xctest */;
			productType = "com.apple.product-type.bundle.unit-test";
		};
		B5AC22FF2525A28900E7D800 /* SlideshowAppUITests */ = {
			isa = PBXNativeTarget;
			buildConfigurationList = B5AC230F2525A28900E7D800 /* Build configuration list for PBXNativeTarget "SlideshowAppUITests" */;
			buildPhases = (
				B5AC22FC2525A28900E7D800 /* Sources */,
				B5AC22FD2525A28900E7D800 /* Frameworks */,
				B5AC22FE2525A28900E7D800 /* Resources */,
			);
			buildRules = (
			);
			dependencies = (
				B5AC23022525A28900E7D800 /* PBXTargetDependency */,
			);
			name = SlideshowAppUITests;
			productName = SlideshowAppUITests;
			productReference = B5AC23002525A28900E7D800 /* SlideshowAppUITests.xctest */;
			productType = "com.apple.product-type.bundle.ui-testing";
		};
/* End PBXNativeTarget section */

/* Begin PBXProject section */
		B5AC22D72525A28800E7D800 /* Project object */ = {
			isa = PBXProject;
			attributes = {
				LastSwiftUpdateCheck = 1150;
				LastUpgradeCheck = 1150;
				ORGANIZATIONNAME = masakazu.yahata;
				TargetAttributes = {
					B5AC22DE2525A28800E7D800 = {
						CreatedOnToolsVersion = 11.5;
					};
					B5AC22F42525A28900E7D800 = {
						CreatedOnToolsVersion = 11.5;
						TestTargetID = B5AC22DE2525A28800E7D800;
					};
					B5AC22FF2525A28900E7D800 = {
						CreatedOnToolsVersion = 11.5;
						TestTargetID = B5AC22DE2525A28800E7D800;
					};
				};
			};
			buildConfigurationList = B5AC22DA2525A28800E7D800 /* Build configuration list for PBXProject "SlideshowApp" */;
			compatibilityVersion = "Xcode 9.3";
			developmentRegion = en;
			hasScannedForEncodings = 0;
			knownRegions = (
				en,
				Base,
			);
			mainGroup = B5AC22D62525A28800E7D800;
			productRefGroup = B5AC22E02525A28800E7D800 /* Products */;
			projectDirPath = "";
			projectRoot = "";
			targets = (
				B5AC22DE2525A28800E7D800 /* SlideshowApp */,
				B5AC22F42525A28900E7D800 /* SlideshowAppTests */,
				B5AC22FF2525A28900E7D800 /* SlideshowAppUITests */,
			);
		};
/* End PBXProject section */

/* Begin PBXResourcesBuildPhase section */
		B5AC22DD2525A28800E7D800 /* Resources */ = {
			isa = PBXResourcesBuildPhase;
			buildActionMask = 2147483647;
			files = (
				B5AC22EF2525A28900E7D800 /* LaunchScreen.storyboard in Resources */,
				B5AC22EC2525A28900E7D800 /* Assets.xcassets in Resources */,
				B5AC22EA2525A28800E7D800 /* Main.storyboard in Resources */,
			);
			runOnlyForDeploymentPostprocessing = 0;
		};
		B5AC22F32525A28900E7D800 /* Resources */ = {
			isa = PBXResourcesBuildPhase;
			buildActionMask = 2147483647;
			files = (
			);
			runOnlyForDeploymentPostprocessing = 0;
		};
		B5AC22FE2525A28900E7D800 /* Resources */ = {
			isa = PBXResourcesBuildPhase;
			buildActionMask = 2147483647;
			files = (
			);
			runOnlyForDeploymentPostprocessing = 0;
		};
/* End PBXResourcesBuildPhase section */

/* Begin PBXSourcesBuildPhase section */
		B5AC22DB2525A28800E7D800 /* Sources */ = {
			isa = PBXSourcesBuildPhase;
			buildActionMask = 2147483647;
			files = (
				B5AC22E72525A28800E7D800 /* ViewController.swift in Sources */,
				B5AC22E32525A28800E7D800 /* AppDelegate.swift in Sources */,
				B5AC22E52525A28800E7D800 /* SceneDelegate.swift in Sources */,
			);
			runOnlyForDeploymentPostprocessing = 0;
		};
		B5AC22F12525A28900E7D800 /* Sources */ = {
			isa = PBXSourcesBuildPhase;
			buildActionMask = 2147483647;
			files = (
				B5AC22FA2525A28900E7D800 /* SlideshowAppTests.swift in Sources */,
			);
			runOnlyForDeploymentPostprocessing = 0;
		};
		B5AC22FC2525A28900E7D800 /* Sources */ = {
			isa = PBXSourcesBuildPhase;
			buildActionMask = 2147483647;
			files = (
				B5AC23052525A28900E7D800 /* SlideshowAppUITests.swift in Sources */,
			);
			runOnlyForDeploymentPostprocessing = 0;
		};
/* End PBXSourcesBuildPhase section */

/* Begin PBXTargetDependency section */
		B5AC22F72525A28900E7D800 /* PBXTargetDependency */ = {
			isa = PBXTargetDependency;
			target = B5AC22DE2525A28800E7D800 /* SlideshowApp */;
			targetProxy = B5AC22F62525A28900E7D800 /* PBXContainerItemProxy */;
		};
		B5AC23022525A28900E7D800 /* PBXTargetDependency */ = {
			isa = PBXTargetDependency;
			target = B5AC22DE2525A28800E7D800 /* SlideshowApp */;
			targetProxy = B5AC23012525A28900E7D800 /* PBXContainerItemProxy */;
		};
/* End PBXTargetDependency section */

/* Begin PBXVariantGroup section */
		B5AC22E82525A28800E7D800 /* Main.storyboard */ = {
			isa = PBXVariantGroup;
			children = (
				B5AC22E92525A28800E7D800 /* Base */,
			);
			name = Main.storyboard;
			sourceTree = "<group>";
		};
		B5AC22ED2525A28900E7D800 /* LaunchScreen.storyboard */ = {
			isa = PBXVariantGroup;
			children = (
				B5AC22EE2525A28900E7D800 /* Base */,
			);
			name = LaunchScreen.storyboard;
			sourceTree = "<group>";
		};
/* End PBXVariantGroup section */

/* Begin XCBuildConfiguration section */
		B5AC23072525A28900E7D800 /* Debug */ = {
			isa = XCBuildConfiguration;
			buildSettings = {
				ALWAYS_SEARCH_USER_PATHS = NO;
				CLANG_ANALYZER_NONNULL = YES;
				CLANG_ANALYZER_NUMBER_OBJECT_CONVERSION = YES_AGGRESSIVE;
				CLANG_CXX_LANGUAGE_STANDARD = "gnu++14";
				CLANG_CXX_LIBRARY = "libc++";
				CLANG_ENABLE_MODULES = YES;
				CLANG_ENABLE_OBJC_ARC = YES;
				CLANG_ENABLE_OBJC_WEAK = YES;
				CLANG_WARN_BLOCK_CAPTURE_AUTORELEASING = YES;
				CLANG_WARN_BOOL_CONVERSION = YES;
				CLANG_WARN_COMMA = YES;
				CLANG_WARN_CONSTANT_CONVERSION = YES;
				CLANG_WARN_DEPRECATED_OBJC_IMPLEMENTATIONS = YES;
				CLANG_WARN_DIRECT_OBJC_ISA_USAGE = YES_ERROR;
				CLANG_WARN_DOCUMENTATION_COMMENTS = YES;
				CLANG_WARN_EMPTY_BODY = YES;
				CLANG_WARN_ENUM_CONVERSION = YES;
				CLANG_WARN_INFINITE_RECURSION = YES;
				CLANG_WARN_INT_CONVERSION = YES;
				CLANG_WARN_NON_LITERAL_NULL_CONVERSION = YES;
				CLANG_WARN_OBJC_IMPLICIT_RETAIN_SELF = YES;
				CLANG_WARN_OBJC_LITERAL_CONVERSION = YES;
				CLANG_WARN_OBJC_ROOT_CLASS = YES_ERROR;
				CLANG_WARN_RANGE_LOOP_ANALYSIS = YES;
				CLANG_WARN_STRICT_PROTOTYPES = YES;
				CLANG_WARN_SUSPICIOUS_MOVE = YES;
				CLANG_WARN_UNGUARDED_AVAILABILITY = YES_AGGRESSIVE;
				CLANG_WARN_UNREACHABLE_CODE = YES;
				CLANG_WARN__DUPLICATE_METHOD_MATCH = YES;
				COPY_PHASE_STRIP = NO;
				DEBUG_INFORMATION_FORMAT = dwarf;
				ENABLE_STRICT_OBJC_MSGSEND = YES;
				ENABLE_TESTABILITY = YES;
				GCC_C_LANGUAGE_STANDARD = gnu11;
				GCC_DYNAMIC_NO_PIC = NO;
				GCC_NO_COMMON_BLOCKS = YES;
				GCC_OPTIMIZATION_LEVEL = 0;
				GCC_PREPROCESSOR_DEFINITIONS = (
					"DEBUG=1",
					"$(inherited)",
				);
				GCC_WARN_64_TO_32_BIT_CONVERSION = YES;
				GCC_WARN_ABOUT_RETURN_TYPE = YES_ERROR;
				GCC_WARN_UNDECLARED_SELECTOR = YES;
				GCC_WARN_UNINITIALIZED_AUTOS = YES_AGGRESSIVE;
				GCC_WARN_UNUSED_FUNCTION = YES;
				GCC_WARN_UNUSED_VARIABLE = YES;
				IPHONEOS_DEPLOYMENT_TARGET = 13.5;
				MTL_ENABLE_DEBUG_INFO = INCLUDE_SOURCE;
				MTL_FAST_MATH = YES;
				ONLY_ACTIVE_ARCH = YES;
				SDKROOT = iphoneos;
				SWIFT_ACTIVE_COMPILATION_CONDITIONS = DEBUG;
				SWIFT_OPTIMIZATION_LEVEL = "-Onone";
			};
			name = Debug;
		};
		B5AC23082525A28900E7D800 /* Release */ = {
			isa = XCBuildConfiguration;
			buildSettings = {
				ALWAYS_SEARCH_USER_PATHS = NO;
				CLANG_ANALYZER_NONNULL = YES;
				CLANG_ANALYZER_NUMBER_OBJECT_CONVERSION = YES_AGGRESSIVE;
				CLANG_CXX_LANGUAGE_STANDARD = "gnu++14";
				CLANG_CXX_LIBRARY = "libc++";
				CLANG_ENABLE_MODULES = YES;
				CLANG_ENABLE_OBJC_ARC = YES;
				CLANG_ENABLE_OBJC_WEAK = YES;
				CLANG_WARN_BLOCK_CAPTURE_AUTORELEASING = YES;
				CLANG_WARN_BOOL_CONVERSION = YES;
				CLANG_WARN_COMMA = YES;
				CLANG_WARN_CONSTANT_CONVERSION = YES;
				CLANG_WARN_DEPRECATED_OBJC_IMPLEMENTATIONS = YES;
				CLANG_WARN_DIRECT_OBJC_ISA_USAGE = YES_ERROR;
				CLANG_WARN_DOCUMENTATION_COMMENTS = YES;
				CLANG_WARN_EMPTY_BODY = YES;
				CLANG_WARN_ENUM_CONVERSION = YES;
				CLANG_WARN_INFINITE_RECURSION = YES;
				CLANG_WARN_INT_CONVERSION = YES;
				CLANG_WARN_NON_LITERAL_NULL_CONVERSION = YES;
				CLANG_WARN_OBJC_IMPLICIT_RETAIN_SELF = YES;
				CLANG_WARN_OBJC_LITERAL_CONVERSION = YES;
				CLANG_WARN_OBJC_ROOT_CLASS = YES_ERROR;
				CLANG_WARN_RANGE_LOOP_ANALYSIS = YES;
				CLANG_WARN_STRICT_PROTOTYPES = YES;
				CLANG_WARN_SUSPICIOUS_MOVE = YES;
				CLANG_WARN_UNGUARDED_AVAILABILITY = YES_AGGRESSIVE;
				CLANG_WARN_UNREACHABLE_CODE = YES;
				CLANG_WARN__DUPLICATE_METHOD_MATCH = YES;
				COPY_PHASE_STRIP = NO;
				DEBUG_INFORMATION_FORMAT = "dwarf-with-dsym";
				ENABLE_NS_ASSERTIONS = NO;
				ENABLE_STRICT_OBJC_MSGSEND = YES;
				GCC_C_LANGUAGE_STANDARD = gnu11;
				GCC_NO_COMMON_BLOCKS = YES;
				GCC_WARN_64_TO_32_BIT_CONVERSION = YES;
				GCC_WARN_ABOUT_RETURN_TYPE = YES_ERROR;
				GCC_WARN_UNDECLARED_SELECTOR = YES;
				GCC_WARN_UNINITIALIZED_AUTOS = YES_AGGRESSIVE;
				GCC_WARN_UNUSED_FUNCTION = YES;
				GCC_WARN_UNUSED_VARIABLE = YES;
				IPHONEOS_DEPLOYMENT_TARGET = 13.5;
				MTL_ENABLE_DEBUG_INFO = NO;
				MTL_FAST_MATH = YES;
				SDKROOT = iphoneos;
				SWIFT_COMPILATION_MODE = wholemodule;
				SWIFT_OPTIMIZATION_LEVEL = "-O";
				VALIDATE_PRODUCT = YES;
			};
			name = Release;
		};
		B5AC230A2525A28900E7D800 /* Debug */ = {
			isa = XCBuildConfiguration;
			buildSettings = {
				ASSETCATALOG_COMPILER_APPICON_NAME = AppIcon;
				CODE_SIGN_STYLE = Automatic;
				DEVELOPMENT_TEAM = ZZ7WXSDYMU;
				INFOPLIST_FILE = SlideshowApp/Info.plist;
				LD_RUNPATH_SEARCH_PATHS = (
					"$(inherited)",
					"@executable_path/Frameworks",
				);
				PRODUCT_BUNDLE_IDENTIFIER = jp.techacademy.masakazu.yahata.SlideshowApp;
				PRODUCT_NAME = "$(TARGET_NAME)";
				SWIFT_VERSION = 5.0;
				TARGETED_DEVICE_FAMILY = "1,2";
			};
			name = Debug;
		};
		B5AC230B2525A28900E7D800 /* Release */ = {
			isa = XCBuildConfiguration;
			buildSettings = {
				ASSETCATALOG_COMPILER_APPICON_NAME = AppIcon;
				CODE_SIGN_STYLE = Automatic;
				DEVELOPMENT_TEAM = ZZ7WXSDYMU;
				INFOPLIST_FILE = SlideshowApp/Info.plist;
				LD_RUNPATH_SEARCH_PATHS = (
					"$(inherited)",
					"@executable_path/Frameworks",
				);
				PRODUCT_BUNDLE_IDENTIFIER = jp.techacademy.masakazu.yahata.SlideshowApp;
				PRODUCT_NAME = "$(TARGET_NAME)";
				SWIFT_VERSION = 5.0;
				TARGETED_DEVICE_FAMILY = "1,2";
			};
			name = Release;
		};
		B5AC230D2525A28900E7D800 /* Debug */ = {
			isa = XCBuildConfiguration;
			buildSettings = {
				ALWAYS_EMBED_SWIFT_STANDARD_LIBRARIES = YES;
				BUNDLE_LOADER = "$(TEST_HOST)";
				CODE_SIGN_STYLE = Automatic;
				DEVELOPMENT_TEAM = ZZ7WXSDYMU;
				INFOPLIST_FILE = SlideshowAppTests/Info.plist;
				IPHONEOS_DEPLOYMENT_TARGET = 13.5;
				LD_RUNPATH_SEARCH_PATHS = (
					"$(inherited)",
					"@executable_path/Frameworks",
					"@loader_path/Frameworks",
				);
				PRODUCT_BUNDLE_IDENTIFIER = jp.techacademy.masakazu.yahata.SlideshowAppTests;
				PRODUCT_NAME = "$(TARGET_NAME)";
				SWIFT_VERSION = 5.0;
				TARGETED_DEVICE_FAMILY = "1,2";
				TEST_HOST = "$(BUILT_PRODUCTS_DIR)/SlideshowApp.app/SlideshowApp";
			};
			name = Debug;
		};
		B5AC230E2525A28900E7D800 /* Release */ = {
			isa = XCBuildConfiguration;
			buildSettings = {
				ALWAYS_EMBED_SWIFT_STANDARD_LIBRARIES = YES;
				BUNDLE_LOADER = "$(TEST_HOST)";
				CODE_SIGN_STYLE = Automatic;
				DEVELOPMENT_TEAM = ZZ7WXSDYMU;
				INFOPLIST_FILE = SlideshowAppTests/Info.plist;
				IPHONEOS_DEPLOYMENT_TARGET = 13.5;
				LD_RUNPATH_SEARCH_PATHS = (
					"$(inherited)",
					"@executable_path/Frameworks",
					"@loader_path/Frameworks",
				);
				PRODUCT_BUNDLE_IDENTIFIER = jp.techacademy.masakazu.yahata.SlideshowAppTests;
				PRODUCT_NAME = "$(TARGET_NAME)";
				SWIFT_VERSION = 5.0;
				TARGETED_DEVICE_FAMILY = "1,2";
				TEST_HOST = "$(BUILT_PRODUCTS_DIR)/SlideshowApp.app/SlideshowApp";
			};
			name = Release;
		};
		B5AC23102525A28900E7D800 /* Debug */ = {
			isa = XCBuildConfiguration;
			buildSettings = {
				ALWAYS_EMBED_SWIFT_STANDARD_LIBRARIES = YES;
				CODE_SIGN_STYLE = Automatic;
				DEVELOPMENT_TEAM = ZZ7WXSDYMU;
				INFOPLIST_FILE = SlideshowAppUITests/Info.plist;
				LD_RUNPATH_SEARCH_PATHS = (
					"$(inherited)",
					"@executable_path/Frameworks",
					"@loader_path/Frameworks",
				);
				PRODUCT_BUNDLE_IDENTIFIER = jp.techacademy.masakazu.yahata.SlideshowAppUITests;
				PRODUCT_NAME = "$(TARGET_NAME)";
				SWIFT_VERSION = 5.0;
				TARGETED_DEVICE_FAMILY = "1,2";
				TEST_TARGET_NAME = SlideshowApp;
			};
			name = Debug;
		};
		B5AC23112525A28900E7D800 /* Release */ = {
			isa = XCBuildConfiguration;
			buildSettings = {
				ALWAYS_EMBED_SWIFT_STANDARD_LIBRARIES = YES;
				CODE_SIGN_STYLE = Automatic;
				DEVELOPMENT_TEAM = ZZ7WXSDYMU;
				INFOPLIST_FILE = SlideshowAppUITests/Info.plist;
				LD_RUNPATH_SEARCH_PATHS = (
					"$(inherited)",
					"@executable_path/Frameworks",
					"@loader_path/Frameworks",
				);
				PRODUCT_BUNDLE_IDENTIFIER = jp.techacademy.masakazu.yahata.SlideshowAppUITests;
				PRODUCT_NAME = "$(TARGET_NAME)";
				SWIFT_VERSION = 5.0;
				TARGETED_DEVICE_FAMILY = "1,2";
				TEST_TARGET_NAME = SlideshowApp;
			};
			name = Release;
		};
/* End XCBuildConfiguration section */

/* Begin XCConfigurationList section */
		B5AC22DA2525A28800E7D800 /* Build configuration list for PBXProject "SlideshowApp" */ = {
			isa = XCConfigurationList;
			buildConfigurations = (
				B5AC23072525A28900E7D800 /* Debug */,
				B5AC23082525A28900E7D800 /* Release */,
			);
			defaultConfigurationIsVisible = 0;
			defaultConfigurationName = Release;
		};
		B5AC23092525A28900E7D800 /* Build configuration list for PBXNativeTarget "SlideshowApp" */ = {
			isa = XCConfigurationList;
			buildConfigurations = (
				B5AC230A2525A28900E7D800 /* Debug */,
				B5AC230B2525A28900E7D800 /* Release */,
			);
			defaultConfigurationIsVisible = 0;
			defaultConfigurationName = Release;
		};
		B5AC230C2525A28900E7D800 /* Build configuration list for PBXNativeTarget "SlideshowAppTests" */ = {
			isa = XCConfigurationList;
			buildConfigurations = (
				B5AC230D2525A28900E7D800 /* Debug */,
				B5AC230E2525A28900E7D800 /* Release */,
			);
			defaultConfigurationIsVisible = 0;
			defaultConfigurationName = Release;
		};
		B5AC230F2525A28900E7D800 /* Build configuration list for PBXNativeTarget "SlideshowAppUITests" */ = {
			isa = XCConfigurationList;
			buildConfigurations = (
				B5AC23102525A28900E7D800 /* Debug */,
				B5AC23112525A28900E7D800 /* Release */,
			);
			defaultConfigurationIsVisible = 0;
			defaultConfigurationName = Release;
		};
/* End XCConfigurationList section */
	};
	rootObject = B5AC22D72525A28800E7D800 /* Project object */;
}
